// !$*UTF8*$!
{
	archiveVersion = 1;
	classes = {
	};
	objectVersion = 46;
	objects = {

/* Begin PBXBuildFile section */
		371A5EFA196D8B2800669168 /* dsa_pub.pem in Resources */ = {isa = PBXBuildFile; fileRef = 371A5EF9196D8B2800669168 /* dsa_pub.pem */; };
		371EF84A198D629B0020499E /* myo.framework in Frameworks */ = {isa = PBXBuildFile; fileRef = 371EF849198D629B0020499E /* myo.framework */; };
		371EF84B198D6A340020499E /* myo.framework in CopyFiles */ = {isa = PBXBuildFile; fileRef = 371EF849198D629B0020499E /* myo.framework */; settings = {ATTRIBUTES = (CodeSignOnCopy, ); }; };
		3749465419455AD800111541 /* Cocoa.framework in Frameworks */ = {isa = PBXBuildFile; fileRef = 3749465319455AD800111541 /* Cocoa.framework */; };
		3749465E19455AD800111541 /* InfoPlist.strings in Resources */ = {isa = PBXBuildFile; fileRef = 3749465C19455AD800111541 /* InfoPlist.strings */; };
		3749466019455AD800111541 /* main.m in Sources */ = {isa = PBXBuildFile; fileRef = 3749465F19455AD800111541 /* main.m */; };
		3749466719455AD800111541 /* AppDelegate.m in Sources */ = {isa = PBXBuildFile; fileRef = 3749466619455AD800111541 /* AppDelegate.m */; };
		3749466A19455AD800111541 /* MainMenu.xib in Resources */ = {isa = PBXBuildFile; fileRef = 3749466819455AD800111541 /* MainMenu.xib */; };
		3749466C19455AD800111541 /* Images.xcassets in Resources */ = {isa = PBXBuildFile; fileRef = 3749466B19455AD800111541 /* Images.xcassets */; };
		3749468E19455B2E00111541 /* DataHandler.cpp in Sources */ = {isa = PBXBuildFile; fileRef = 3749468819455B2E00111541 /* DataHandler.cpp */; };
		3749468F19455B2E00111541 /* DeviceListener.cpp in Sources */ = {isa = PBXBuildFile; fileRef = 3749468A19455B2E00111541 /* DeviceListener.cpp */; };
		3749469019455B2E00111541 /* MyoWebsocket.cpp in Sources */ = {isa = PBXBuildFile; fileRef = 3749468C19455B2E00111541 /* MyoWebsocket.cpp */; };
		374F4455196466D200365797 /* Sparkle.framework in CopyFiles */ = {isa = PBXBuildFile; fileRef = 378207571963041800EBA54C /* Sparkle.framework */; settings = {ATTRIBUTES = (CodeSignOnCopy, ); }; };
		375DCFDC1960809400A6446F /* assets-bundled in Resources */ = {isa = PBXBuildFile; fileRef = 375DCFDB1960809400A6446F /* assets-bundled */; };
		3773F74F1945FCB100C6A287 /* SettingsWindow.m in Sources */ = {isa = PBXBuildFile; fileRef = 3773F74D1945FCB100C6A287 /* SettingsWindow.m */; };
		3773F7501945FCB100C6A287 /* SettingsWindow.xib in Resources */ = {isa = PBXBuildFile; fileRef = 3773F74E1945FCB100C6A287 /* SettingsWindow.xib */; };
		378207581963041800EBA54C /* Sparkle.framework in Frameworks */ = {isa = PBXBuildFile; fileRef = 378207571963041800EBA54C /* Sparkle.framework */; };
		37BBA5791947703E00B0D357 /* JSONVisualizerWindow.m in Sources */ = {isa = PBXBuildFile; fileRef = 37BBA5771947703E00B0D357 /* JSONVisualizerWindow.m */; };
		37BBA57A1947703E00B0D357 /* JSONVisualizerWindow.xib in Resources */ = {isa = PBXBuildFile; fileRef = 37BBA5781947703E00B0D357 /* JSONVisualizerWindow.xib */; };
		37BBA57C1947748000B0D357 /* WebKit.framework in Frameworks */ = {isa = PBXBuildFile; fileRef = 37BBA57B1947748000B0D357 /* WebKit.framework */; };
		37BBA57E194774D100B0D357 /* visualizer in Resources */ = {isa = PBXBuildFile; fileRef = 37BBA57D194774D100B0D357 /* visualizer */; };
		37EBE3D319531E6E005F7AD9 /* Localizable.strings in Resources */ = {isa = PBXBuildFile; fileRef = 37EBE3D219531E6E005F7AD9 /* Localizable.strings */; };
/* End PBXBuildFile section */

/* Begin PBXCopyFilesBuildPhase section */
		373F022019607EE700158E8F /* CopyFiles */ = {
			isa = PBXCopyFilesBuildPhase;
			buildActionMask = 2147483647;
			dstPath = "";
			dstSubfolderSpec = 10;
			files = (
				371EF84B198D6A340020499E /* myo.framework in CopyFiles */,
				374F4455196466D200365797 /* Sparkle.framework in CopyFiles */,
			);
			runOnlyForDeploymentPostprocessing = 0;
		};
/* End PBXCopyFilesBuildPhase section */

/* Begin PBXFileReference section */
		371A5EF9196D8B2800669168 /* dsa_pub.pem */ = {isa = PBXFileReference; fileEncoding = 4; lastKnownFileType = text; name = dsa_pub.pem; path = "../assets-bundled/dsa_pub.pem"; sourceTree = "<group>"; };
		371EF849198D629B0020499E /* myo.framework */ = {isa = PBXFileReference; lastKnownFileType = wrapper.framework; name = myo.framework; path = libs/myo.framework; sourceTree = "<group>"; };
		37481DE61958224500C04646 /* assets */ = {isa = PBXFileReference; lastKnownFileType = folder; path = assets; sourceTree = SOURCE_ROOT; };
		3749465019455AD800111541 /* myodaemon.app */ = {isa = PBXFileReference; explicitFileType = wrapper.application; includeInIndex = 0; path = myodaemon.app; sourceTree = BUILT_PRODUCTS_DIR; };
		3749465319455AD800111541 /* Cocoa.framework */ = {isa = PBXFileReference; lastKnownFileType = wrapper.framework; name = Cocoa.framework; path = System/Library/Frameworks/Cocoa.framework; sourceTree = SDKROOT; };
		3749465619455AD800111541 /* AppKit.framework */ = {isa = PBXFileReference; lastKnownFileType = wrapper.framework; name = AppKit.framework; path = System/Library/Frameworks/AppKit.framework; sourceTree = SDKROOT; };
		3749465719455AD800111541 /* CoreData.framework */ = {isa = PBXFileReference; lastKnownFileType = wrapper.framework; name = CoreData.framework; path = System/Library/Frameworks/CoreData.framework; sourceTree = SDKROOT; };
		3749465819455AD800111541 /* Foundation.framework */ = {isa = PBXFileReference; lastKnownFileType = wrapper.framework; name = Foundation.framework; path = System/Library/Frameworks/Foundation.framework; sourceTree = SDKROOT; };
		3749465B19455AD800111541 /* myodaemon-Info.plist */ = {isa = PBXFileReference; lastKnownFileType = text.plist.xml; path = "myodaemon-Info.plist"; sourceTree = "<group>"; };
		3749465D19455AD800111541 /* en */ = {isa = PBXFileReference; lastKnownFileType = text.plist.strings; name = en; path = en.lproj/InfoPlist.strings; sourceTree = "<group>"; };
		3749465F19455AD800111541 /* main.m */ = {isa = PBXFileReference; lastKnownFileType = sourcecode.c.objc; path = main.m; sourceTree = "<group>"; };
		3749466119455AD800111541 /* myodaemon-Prefix.pch */ = {isa = PBXFileReference; lastKnownFileType = sourcecode.c.h; path = "myodaemon-Prefix.pch"; sourceTree = "<group>"; };
		3749466519455AD800111541 /* AppDelegate.h */ = {isa = PBXFileReference; lastKnownFileType = sourcecode.c.h; path = AppDelegate.h; sourceTree = "<group>"; };
		3749466619455AD800111541 /* AppDelegate.m */ = {isa = PBXFileReference; lastKnownFileType = sourcecode.c.objc; path = AppDelegate.m; sourceTree = "<group>"; };
		3749466919455AD800111541 /* Base */ = {isa = PBXFileReference; lastKnownFileType = file.xib; name = Base; path = Base.lproj/MainMenu.xib; sourceTree = "<group>"; };
		3749466B19455AD800111541 /* Images.xcassets */ = {isa = PBXFileReference; lastKnownFileType = folder.assetcatalog; path = Images.xcassets; sourceTree = "<group>"; };
		3749467219455AD800111541 /* XCTest.framework */ = {isa = PBXFileReference; lastKnownFileType = wrapper.framework; name = XCTest.framework; path = Library/Frameworks/XCTest.framework; sourceTree = DEVELOPER_DIR; };
		3749468819455B2E00111541 /* DataHandler.cpp */ = {isa = PBXFileReference; fileEncoding = 4; lastKnownFileType = sourcecode.cpp.cpp; path = DataHandler.cpp; sourceTree = "<group>"; };
		3749468919455B2E00111541 /* DataHandler.hpp */ = {isa = PBXFileReference; fileEncoding = 4; lastKnownFileType = sourcecode.cpp.h; path = DataHandler.hpp; sourceTree = "<group>"; };
		3749468A19455B2E00111541 /* DeviceListener.cpp */ = {isa = PBXFileReference; fileEncoding = 4; lastKnownFileType = sourcecode.cpp.cpp; path = DeviceListener.cpp; sourceTree = "<group>"; };
		3749468B19455B2E00111541 /* DeviceListener.hpp */ = {isa = PBXFileReference; fileEncoding = 4; lastKnownFileType = sourcecode.cpp.h; path = DeviceListener.hpp; sourceTree = "<group>"; };
		3749468C19455B2E00111541 /* MyoWebsocket.cpp */ = {isa = PBXFileReference; fileEncoding = 4; lastKnownFileType = sourcecode.cpp.cpp; path = MyoWebsocket.cpp; sourceTree = "<group>"; };
		3749468D19455B2E00111541 /* MyoWebsocket.hpp */ = {isa = PBXFileReference; fileEncoding = 4; lastKnownFileType = sourcecode.cpp.h; path = MyoWebsocket.hpp; sourceTree = "<group>"; };
		375DCFDB1960809400A6446F /* assets-bundled */ = {isa = PBXFileReference; lastKnownFileType = folder; path = "assets-bundled"; sourceTree = SOURCE_ROOT; };
		3773F74C1945FCB100C6A287 /* SettingsWindow.h */ = {isa = PBXFileReference; fileEncoding = 4; lastKnownFileType = sourcecode.c.h; path = SettingsWindow.h; sourceTree = "<group>"; };
		3773F74D1945FCB100C6A287 /* SettingsWindow.m */ = {isa = PBXFileReference; fileEncoding = 4; lastKnownFileType = sourcecode.c.objc; path = SettingsWindow.m; sourceTree = "<group>"; };
		3773F74E1945FCB100C6A287 /* SettingsWindow.xib */ = {isa = PBXFileReference; fileEncoding = 4; lastKnownFileType = file.xib; path = SettingsWindow.xib; sourceTree = "<group>"; };
		378207571963041800EBA54C /* Sparkle.framework */ = {isa = PBXFileReference; lastKnownFileType = wrapper.framework; name = Sparkle.framework; path = libs/Sparkle.framework; sourceTree = "<group>"; };
		3795AF0E1947315500947226 /* Constants.h */ = {isa = PBXFileReference; lastKnownFileType = sourcecode.c.h; path = Constants.h; sourceTree = "<group>"; };
		37BBA5761947703E00B0D357 /* JSONVisualizerWindow.h */ = {isa = PBXFileReference; fileEncoding = 4; lastKnownFileType = sourcecode.c.h; path = JSONVisualizerWindow.h; sourceTree = "<group>"; };
		37BBA5771947703E00B0D357 /* JSONVisualizerWindow.m */ = {isa = PBXFileReference; fileEncoding = 4; lastKnownFileType = sourcecode.c.objc; path = JSONVisualizerWindow.m; sourceTree = "<group>"; };
		37BBA5781947703E00B0D357 /* JSONVisualizerWindow.xib */ = {isa = PBXFileReference; fileEncoding = 4; lastKnownFileType = file.xib; path = JSONVisualizerWindow.xib; sourceTree = "<group>"; };
		37BBA57B1947748000B0D357 /* WebKit.framework */ = {isa = PBXFileReference; lastKnownFileType = wrapper.framework; name = WebKit.framework; path = System/Library/Frameworks/WebKit.framework; sourceTree = SDKROOT; };
		37BBA57D194774D100B0D357 /* visualizer */ = {isa = PBXFileReference; lastKnownFileType = folder; path = visualizer; sourceTree = SOURCE_ROOT; };
		37EA41BD195C574E00812A6D /* QuartzCore.framework */ = {isa = PBXFileReference; lastKnownFileType = wrapper.framework; name = QuartzCore.framework; path = System/Library/Frameworks/QuartzCore.framework; sourceTree = SDKROOT; };
		37EBE3D219531E6E005F7AD9 /* Localizable.strings */ = {isa = PBXFileReference; fileEncoding = 4; lastKnownFileType = text.plist.strings; path = Localizable.strings; sourceTree = "<group>"; };
/* End PBXFileReference section */

/* Begin PBXFrameworksBuildPhase section */
		3749464D19455AD800111541 /* Frameworks */ = {
			isa = PBXFrameworksBuildPhase;
			buildActionMask = 2147483647;
			files = (
				371EF84A198D629B0020499E /* myo.framework in Frameworks */,
				378207581963041800EBA54C /* Sparkle.framework in Frameworks */,
				37BBA57C1947748000B0D357 /* WebKit.framework in Frameworks */,
				3749465419455AD800111541 /* Cocoa.framework in Frameworks */,
			);
			runOnlyForDeploymentPostprocessing = 0;
		};
/* End PBXFrameworksBuildPhase section */

/* Begin PBXGroup section */
		3749464719455AD800111541 = {
			isa = PBXGroup;
			children = (
				3749468719455B2E00111541 /* src */,
				3749465919455AD800111541 /* myodaemon */,
				3749465219455AD800111541 /* Frameworks */,
				3749465119455AD800111541 /* Products */,
			);
			sourceTree = "<group>";
		};
		3749465119455AD800111541 /* Products */ = {
			isa = PBXGroup;
			children = (
				3749465019455AD800111541 /* myodaemon.app */,
			);
			name = Products;
			sourceTree = "<group>";
		};
		3749465219455AD800111541 /* Frameworks */ = {
			isa = PBXGroup;
			children = (
				371EF849198D629B0020499E /* myo.framework */,
				378207571963041800EBA54C /* Sparkle.framework */,
				37EA41BD195C574E00812A6D /* QuartzCore.framework */,
				3749465519455AD800111541 /* Other Frameworks */,
			);
			name = Frameworks;
			sourceTree = "<group>";
		};
		3749465519455AD800111541 /* Other Frameworks */ = {
			isa = PBXGroup;
			children = (
				3749467219455AD800111541 /* XCTest.framework */,
				37BBA57B1947748000B0D357 /* WebKit.framework */,
				3749465319455AD800111541 /* Cocoa.framework */,
				3749465619455AD800111541 /* AppKit.framework */,
				3749465719455AD800111541 /* CoreData.framework */,
				3749465819455AD800111541 /* Foundation.framework */,
			);
			name = "Other Frameworks";
			sourceTree = "<group>";
		};
		3749465919455AD800111541 /* myodaemon */ = {
			isa = PBXGroup;
			children = (
				375DCFDB1960809400A6446F /* assets-bundled */,
				37481DE61958224500C04646 /* assets */,
				37BBA57D194774D100B0D357 /* visualizer */,
				3773F74B1945FC7900C6A287 /* Windows */,
				3749466519455AD800111541 /* AppDelegate.h */,
				3749466619455AD800111541 /* AppDelegate.m */,
				3749466819455AD800111541 /* MainMenu.xib */,
				3749466B19455AD800111541 /* Images.xcassets */,
				3749465A19455AD800111541 /* Supporting Files */,
			);
			path = myodaemon;
			sourceTree = "<group>";
		};
		3749465A19455AD800111541 /* Supporting Files */ = {
			isa = PBXGroup;
			children = (
				371A5EF9196D8B2800669168 /* dsa_pub.pem */,
				3749465B19455AD800111541 /* myodaemon-Info.plist */,
				3749465C19455AD800111541 /* InfoPlist.strings */,
				3749465F19455AD800111541 /* main.m */,
				3749466119455AD800111541 /* myodaemon-Prefix.pch */,
			);
			name = "Supporting Files";
			sourceTree = "<group>";
		};
		3749468719455B2E00111541 /* src */ = {
			isa = PBXGroup;
			children = (
				37EBE3D219531E6E005F7AD9 /* Localizable.strings */,
				3795AF0E1947315500947226 /* Constants.h */,
				3749468919455B2E00111541 /* DataHandler.hpp */,
				3749468819455B2E00111541 /* DataHandler.cpp */,
				3749468B19455B2E00111541 /* DeviceListener.hpp */,
				3749468A19455B2E00111541 /* DeviceListener.cpp */,
				3749468D19455B2E00111541 /* MyoWebsocket.hpp */,
				3749468C19455B2E00111541 /* MyoWebsocket.cpp */,
			);
			path = src;
			sourceTree = "<group>";
		};
		3773F74B1945FC7900C6A287 /* Windows */ = {
			isa = PBXGroup;
			children = (
				37BBA5761947703E00B0D357 /* JSONVisualizerWindow.h */,
				37BBA5771947703E00B0D357 /* JSONVisualizerWindow.m */,
				37BBA5781947703E00B0D357 /* JSONVisualizerWindow.xib */,
				3773F74C1945FCB100C6A287 /* SettingsWindow.h */,
				3773F74D1945FCB100C6A287 /* SettingsWindow.m */,
				3773F74E1945FCB100C6A287 /* SettingsWindow.xib */,
			);
			name = Windows;
			sourceTree = "<group>";
		};
/* End PBXGroup section */

/* Begin PBXNativeTarget section */
		3749464F19455AD800111541 /* myodaemon */ = {
			isa = PBXNativeTarget;
			buildConfigurationList = 3749468119455AD800111541 /* Build configuration list for PBXNativeTarget "myodaemon" */;
			buildPhases = (
				3749464C19455AD800111541 /* Sources */,
				3749464D19455AD800111541 /* Frameworks */,
				3749464E19455AD800111541 /* Resources */,
				373F022019607EE700158E8F /* CopyFiles */,
				37DE2C5A194624F600C41288 /* ShellScript */,
			);
			buildRules = (
			);
			dependencies = (
			);
			name = myodaemon;
			productName = myodaemon;
			productReference = 3749465019455AD800111541 /* myodaemon.app */;
			productType = "com.apple.product-type.application";
		};
/* End PBXNativeTarget section */

/* Begin PBXProject section */
		3749464819455AD800111541 /* Project object */ = {
			isa = PBXProject;
			attributes = {
				LastUpgradeCheck = 0600;
				ORGANIZATIONNAME = logotype;
			};
			buildConfigurationList = 3749464B19455AD800111541 /* Build configuration list for PBXProject "myodaemon" */;
			compatibilityVersion = "Xcode 3.2";
			developmentRegion = English;
			hasScannedForEncodings = 0;
			knownRegions = (
				en,
				Base,
			);
			mainGroup = 3749464719455AD800111541;
			productRefGroup = 3749465119455AD800111541 /* Products */;
			projectDirPath = "";
			projectRoot = "";
			targets = (
				3749464F19455AD800111541 /* myodaemon */,
			);
		};
/* End PBXProject section */

/* Begin PBXResourcesBuildPhase section */
		3749464E19455AD800111541 /* Resources */ = {
			isa = PBXResourcesBuildPhase;
			buildActionMask = 2147483647;
			files = (
				3773F7501945FCB100C6A287 /* SettingsWindow.xib in Resources */,
				37BBA57A1947703E00B0D357 /* JSONVisualizerWindow.xib in Resources */,
				375DCFDC1960809400A6446F /* assets-bundled in Resources */,
				3749465E19455AD800111541 /* InfoPlist.strings in Resources */,
				371A5EFA196D8B2800669168 /* dsa_pub.pem in Resources */,
				3749466C19455AD800111541 /* Images.xcassets in Resources */,
				37EBE3D319531E6E005F7AD9 /* Localizable.strings in Resources */,
				37BBA57E194774D100B0D357 /* visualizer in Resources */,
				3749466A19455AD800111541 /* MainMenu.xib in Resources */,
			);
			runOnlyForDeploymentPostprocessing = 0;
		};
/* End PBXResourcesBuildPhase section */

/* Begin PBXShellScriptBuildPhase section */
		37DE2C5A194624F600C41288 /* ShellScript */ = {
			isa = PBXShellScriptBuildPhase;
			buildActionMask = 2147483647;
			files = (
			);
			inputPaths = (
			);
			outputPaths = (
			);
			runOnlyForDeploymentPostprocessing = 0;
			shellPath = /bin/sh;
			shellScript = "buildPlist=${INFOPLIST_FILE}\nCFBundleVersion=$(git rev-list HEAD --count)\n/usr/libexec/PlistBuddy -c \"Set :CFBundleVersion $CFBundleVersion\" $buildPlist\ncd $BUILT_PRODUCTS_DIR\nzip -r \"myodaemon.zip\" \"myodaemon.app\"";
		};
/* End PBXShellScriptBuildPhase section */

/* Begin PBXSourcesBuildPhase section */
		3749464C19455AD800111541 /* Sources */ = {
			isa = PBXSourcesBuildPhase;
			buildActionMask = 2147483647;
			files = (
				3749466719455AD800111541 /* AppDelegate.m in Sources */,
				3749468F19455B2E00111541 /* DeviceListener.cpp in Sources */,
				3749466019455AD800111541 /* main.m in Sources */,
				37BBA5791947703E00B0D357 /* JSONVisualizerWindow.m in Sources */,
				3749469019455B2E00111541 /* MyoWebsocket.cpp in Sources */,
				3773F74F1945FCB100C6A287 /* SettingsWindow.m in Sources */,
				3749468E19455B2E00111541 /* DataHandler.cpp in Sources */,
			);
			runOnlyForDeploymentPostprocessing = 0;
		};
/* End PBXSourcesBuildPhase section */

/* Begin PBXVariantGroup section */
		3749465C19455AD800111541 /* InfoPlist.strings */ = {
			isa = PBXVariantGroup;
			children = (
				3749465D19455AD800111541 /* en */,
			);
			name = InfoPlist.strings;
			sourceTree = "<group>";
		};
		3749466819455AD800111541 /* MainMenu.xib */ = {
			isa = PBXVariantGroup;
			children = (
				3749466919455AD800111541 /* Base */,
			);
			name = MainMenu.xib;
			sourceTree = "<group>";
		};
/* End PBXVariantGroup section */

/* Begin XCBuildConfiguration section */
		3749467F19455AD800111541 /* Debug */ = {
			isa = XCBuildConfiguration;
			buildSettings = {
				ALWAYS_SEARCH_USER_PATHS = NO;
				CLANG_CXX_LANGUAGE_STANDARD = "compiler-default";
				CLANG_CXX_LIBRARY = "compiler-default";
				CLANG_ENABLE_MODULES = YES;
				CLANG_ENABLE_OBJC_ARC = YES;
				CLANG_WARN_BOOL_CONVERSION = YES;
				CLANG_WARN_CONSTANT_CONVERSION = YES;
				CLANG_WARN_DIRECT_OBJC_ISA_USAGE = YES_ERROR;
				CLANG_WARN_EMPTY_BODY = YES;
				CLANG_WARN_ENUM_CONVERSION = YES;
				CLANG_WARN_INT_CONVERSION = YES;
				CLANG_WARN_OBJC_ROOT_CLASS = YES_ERROR;
				CLANG_WARN__DUPLICATE_METHOD_MATCH = YES;
				COPY_PHASE_STRIP = NO;
				GCC_C_LANGUAGE_STANDARD = "compiler-default";
				GCC_DYNAMIC_NO_PIC = NO;
				GCC_ENABLE_OBJC_EXCEPTIONS = YES;
				GCC_OPTIMIZATION_LEVEL = 0;
				GCC_PREPROCESSOR_DEFINITIONS = (
					"DEBUG=1",
					"$(inherited)",
				);
				GCC_SYMBOLS_PRIVATE_EXTERN = NO;
				GCC_WARN_64_TO_32_BIT_CONVERSION = YES;
				GCC_WARN_ABOUT_RETURN_TYPE = YES_ERROR;
				GCC_WARN_UNDECLARED_SELECTOR = YES;
				GCC_WARN_UNINITIALIZED_AUTOS = YES_AGGRESSIVE;
				GCC_WARN_UNUSED_FUNCTION = YES;
				GCC_WARN_UNUSED_VARIABLE = YES;
				MACOSX_DEPLOYMENT_TARGET = 10.9;
				ONLY_ACTIVE_ARCH = YES;
				SDKROOT = macosx;
			};
			name = Debug;
		};
		3749468019455AD800111541 /* Release */ = {
			isa = XCBuildConfiguration;
			buildSettings = {
				ALWAYS_SEARCH_USER_PATHS = NO;
				CLANG_CXX_LANGUAGE_STANDARD = "compiler-default";
				CLANG_CXX_LIBRARY = "compiler-default";
				CLANG_ENABLE_MODULES = YES;
				CLANG_ENABLE_OBJC_ARC = YES;
				CLANG_WARN_BOOL_CONVERSION = YES;
				CLANG_WARN_CONSTANT_CONVERSION = YES;
				CLANG_WARN_DIRECT_OBJC_ISA_USAGE = YES_ERROR;
				CLANG_WARN_EMPTY_BODY = YES;
				CLANG_WARN_ENUM_CONVERSION = YES;
				CLANG_WARN_INT_CONVERSION = YES;
				CLANG_WARN_OBJC_ROOT_CLASS = YES_ERROR;
				CLANG_WARN__DUPLICATE_METHOD_MATCH = YES;
				COPY_PHASE_STRIP = YES;
				DEBUG_INFORMATION_FORMAT = "dwarf-with-dsym";
				ENABLE_NS_ASSERTIONS = NO;
				GCC_C_LANGUAGE_STANDARD = "compiler-default";
				GCC_ENABLE_OBJC_EXCEPTIONS = YES;
				GCC_WARN_64_TO_32_BIT_CONVERSION = YES;
				GCC_WARN_ABOUT_RETURN_TYPE = YES_ERROR;
				GCC_WARN_UNDECLARED_SELECTOR = YES;
				GCC_WARN_UNINITIALIZED_AUTOS = YES_AGGRESSIVE;
				GCC_WARN_UNUSED_FUNCTION = YES;
				GCC_WARN_UNUSED_VARIABLE = YES;
				MACOSX_DEPLOYMENT_TARGET = 10.9;
				SDKROOT = macosx;
			};
			name = Release;
		};
		3749468219455AD800111541 /* Debug */ = {
			isa = XCBuildConfiguration;
			buildSettings = {
				ASSETCATALOG_COMPILER_APPICON_NAME = AppIcon;
				CLANG_CXX_LANGUAGE_STANDARD = "compiler-default";
				CLANG_CXX_LIBRARY = "compiler-default";
				COMBINE_HIDPI_IMAGES = YES;
				CONFIGURATION_BUILD_DIR = "$(PROJECT_DIR)/../build/";
				FRAMEWORK_SEARCH_PATHS = (
					"$(inherited)",
					"$(PROJECT_DIR)/libs",
				);
				GCC_C_LANGUAGE_STANDARD = "compiler-default";
				GCC_INLINES_ARE_PRIVATE_EXTERN = NO;
				GCC_INPUT_FILETYPE = sourcecode.cpp.objcpp;
				GCC_PRECOMPILE_PREFIX_HEADER = YES;
				GCC_PREFIX_HEADER = "myodaemon/myodaemon-Prefix.pch";
				GCC_SYMBOLS_PRIVATE_EXTERN = NO;
				HEADER_SEARCH_PATHS = (
					"$(inherited)",
					/Applications/Xcode.app/Contents/Developer/Toolchains/XcodeDefault.xctoolchain/usr/include,
					"$(PROJECT_DIR)/libs/websocketpp",
					"$(PROJECT_DIR)/libs/boost",
				);
				INFOPLIST_FILE = "myodaemon/myodaemon-Info.plist";
				LD_RUNPATH_SEARCH_PATHS = "@executable_path/../Frameworks/";
				LIBRARY_SEARCH_PATHS = (
					"$(PROJECT_DIR)/libs/boost",
					"$(PROJECT_DIR)/libs/boost/stage/lib",
				);
				MACOSX_DEPLOYMENT_TARGET = 10.8;
				OTHER_CPLUSPLUSFLAGS = "$(OTHER_CFLAGS)";
				OTHER_LDFLAGS = (
					"-lboost_system",
					"-lboost_thread",
				);
				PRODUCT_NAME = "$(TARGET_NAME)";
				SDKROOT = macosx10.9;
				SYMROOT = "$(PROJECT_DIR)/../build/";
				WRAPPER_EXTENSION = app;
			};
			name = Debug;
		};
		3749468319455AD800111541 /* Release */ = {
			isa = XCBuildConfiguration;
			buildSettings = {
				ASSETCATALOG_COMPILER_APPICON_NAME = AppIcon;
				CLANG_CXX_LANGUAGE_STANDARD = "compiler-default";
				CLANG_CXX_LIBRARY = "compiler-default";
				COMBINE_HIDPI_IMAGES = YES;
				CONFIGURATION_BUILD_DIR = "$(PROJECT_DIR)/../build/";
				FRAMEWORK_SEARCH_PATHS = (
					"$(inherited)",
					"$(PROJECT_DIR)/libs",
				);
				GCC_C_LANGUAGE_STANDARD = "compiler-default";
				GCC_INLINES_ARE_PRIVATE_EXTERN = NO;
				GCC_INPUT_FILETYPE = sourcecode.cpp.objcpp;
				GCC_PRECOMPILE_PREFIX_HEADER = YES;
				GCC_PREFIX_HEADER = "myodaemon/myodaemon-Prefix.pch";
				GCC_SYMBOLS_PRIVATE_EXTERN = NO;
				HEADER_SEARCH_PATHS = (
					"$(inherited)",
					/Applications/Xcode.app/Contents/Developer/Toolchains/XcodeDefault.xctoolchain/usr/include,
					"$(PROJECT_DIR)/libs/websocketpp",
					"$(PROJECT_DIR)/libs/boost",
				);
				INFOPLIST_FILE = "myodaemon/myodaemon-Info.plist";
				LD_RUNPATH_SEARCH_PATHS = "@executable_path/../Frameworks/";
				LIBRARY_SEARCH_PATHS = (
					"$(PROJECT_DIR)/libs/boost",
					"$(PROJECT_DIR)/libs/boost/stage/lib",
				);
				MACOSX_DEPLOYMENT_TARGET = 10.8;
				OTHER_CPLUSPLUSFLAGS = "$(OTHER_CFLAGS)";
				OTHER_LDFLAGS = (
					"-lboost_system",
					"-lboost_thread",
				);
				PRODUCT_NAME = "$(TARGET_NAME)";
				SDKROOT = macosx10.9;
				SYMROOT = "$(PROJECT_DIR)/../build/";
				WRAPPER_EXTENSION = app;
			};
			name = Release;
		};
/* End XCBuildConfiguration section */

/* Begin XCConfigurationList section */
		3749464B19455AD800111541 /* Build configuration list for PBXProject "myodaemon" */ = {
			isa = XCConfigurationList;
			buildConfigurations = (
				3749467F19455AD800111541 /* Debug */,
				3749468019455AD800111541 /* Release */,
			);
			defaultConfigurationIsVisible = 0;
			defaultConfigurationName = Release;
		};
		3749468119455AD800111541 /* Build configuration list for PBXNativeTarget "myodaemon" */ = {
			isa = XCConfigurationList;
			buildConfigurations = (
				3749468219455AD800111541 /* Debug */,
				3749468319455AD800111541 /* Release */,
			);
			defaultConfigurationIsVisible = 0;
			defaultConfigurationName = Release;
		};
/* End XCConfigurationList section */
	};
	rootObject = 3749464819455AD800111541 /* Project object */;
}
